
Microsoft Visual Studio Solution File, Format Version 12.00
# Visual Studio Version 16
VisualStudioVersion = 16.0.31112.23
MinimumVisualStudioVersion = 10.0.40219.1
Project("{9A19103F-16F7-4668-BE54-9A1E7A4F7556}") = "Lets Travel", "Lets Travel\Lets Travel.csproj", "{FEECAB8B-B87F-4450-B3E1-8B43402B59C1}"
EndProject
Project("{FAE04EC0-301F-11D3-BF4B-00C04F79EFBC}") = "Lets_TravelApi", "Lets_TravelApi\Lets_TravelApi.csproj", "{945ED3ED-CE3B-47D1-B68C-0C97DF113110}"
EndProject
Global
	GlobalSection(SolutionConfigurationPlatforms) = preSolution
		Debug|Any CPU = Debug|Any CPU
		Release|Any CPU = Release|Any CPU
	EndGlobalSection
	GlobalSection(ProjectConfigurationPlatforms) = postSolution
		{FEECAB8B-B87F-4450-B3E1-8B43402B59C1}.Debug|Any CPU.ActiveCfg = Debug|Any CPU
		{FEECAB8B-B87F-4450-B3E1-8B43402B59C1}.Debug|Any CPU.Build.0 = Debug|Any CPU
		{FEECAB8B-B87F-4450-B3E1-8B43402B59C1}.Release|Any CPU.ActiveCfg = Release|Any CPU
		{FEECAB8B-B87F-4450-B3E1-8B43402B59C1}.Release|Any CPU.Build.0 = Release|Any CPU
		{945ED3ED-CE3B-47D1-B68C-0C97DF113110}.Debug|Any CPU.ActiveCfg = Debug|Any CPU
		{945ED3ED-CE3B-47D1-B68C-0C97DF113110}.Debug|Any CPU.Build.0 = Debug|Any CPU
		{945ED3ED-CE3B-47D1-B68C-0C97DF113110}.Release|Any CPU.ActiveCfg = Release|Any CPU
		{945ED3ED-CE3B-47D1-B68C-0C97DF113110}.Release|Any CPU.Build.0 = Release|Any CPU
	EndGlobalSection
	GlobalSection(SolutionProperties) = preSolution
		HideSolutionNode = FALSE
	EndGlobalSection
	GlobalSection(ExtensibilityGlobals) = postSolution
		SolutionGuid = {F73834E3-572B-4AD9-83E5-2F2CE3FC5806}
	EndGlobalSection
EndGlobal
